
Microsoft Visual Studio Solution File, Format Version 12.00
# Visual Studio 15
VisualStudioVersion = 15.0.28307.757
MinimumVisualStudioVersion = 10.0.40219.1
Project("{F184B08F-C81C-45F6-A57F-5ABD9991F28F}") = "Base 10 to base 2-9", "Base 10 to base 2-9\Base 10 to base 2-9.vbproj", "{8E68F776-CB5B-4007-BFAC-3644B45A37BC}"
EndProject
Global
	GlobalSection(SolutionConfigurationPlatforms) = preSolution
		Debug|Any CPU = Debug|Any CPU
		Release|Any CPU = Release|Any CPU
	EndGlobalSection
	GlobalSection(ProjectConfigurationPlatforms) = postSolution
		{8E68F776-CB5B-4007-BFAC-3644B45A37BC}.Debug|Any CPU.ActiveCfg = Debug|Any CPU
		{8E68F776-CB5B-4007-BFAC-3644B45A37BC}.Debug|Any CPU.Build.0 = Debug|Any CPU
		{8E68F776-CB5B-4007-BFAC-3644B45A37BC}.Release|Any CPU.ActiveCfg = Release|Any CPU
		{8E68F776-CB5B-4007-BFAC-3644B45A37BC}.Release|Any CPU.Build.0 = Release|Any CPU
	EndGlobalSection
	GlobalSection(SolutionProperties) = preSolution
		HideSolutionNode = FALSE
	EndGlobalSection
	GlobalSection(ExtensibilityGlobals) = postSolution
		SolutionGuid = {76DED548-4B9E-4750-9842-F813C784193D}
	EndGlobalSection
EndGlobal
